
Microsoft Visual Studio Solution File, Format Version 12.00
# Visual Studio Version 16
VisualStudioVersion = 16.0.29709.97
MinimumVisualStudioVersion = 10.0.40219.1
Project("{9A19103F-16F7-4668-BE54-9A1E7A4F7556}") = "PizzaDeliveryBot", "PizzaDeliveryBot\PizzaDeliveryBot.CSPROJ", "{6A9305FB-D94F-4465-83F8-6B8D3D3BF355}"
EndProject
Project("{2150E333-8FDC-42A3-9474-1A3956D46DE8}") = "Solution Items", "Solution Items", "{87BCD47F-38CA-4803-9041-4A36FB6F9094}"
	ProjectSection(SolutionItems) = preProject
		INSTRUCTIONS.TXT = INSTRUCTIONS.TXT
	EndProjectSection
EndProject
Global
	GlobalSection(SolutionConfigurationPlatforms) = preSolution
		Debug|Any CPU = Debug|Any CPU
		Release|Any CPU = Release|Any CPU
	EndGlobalSection
	GlobalSection(ProjectConfigurationPlatforms) = postSolution
		{6A9305FB-D94F-4465-83F8-6B8D3D3BF355}.Debug|Any CPU.ActiveCfg = Debug|Any CPU
		{6A9305FB-D94F-4465-83F8-6B8D3D3BF355}.Debug|Any CPU.Build.0 = Debug|Any CPU
		{6A9305FB-D94F-4465-83F8-6B8D3D3BF355}.Release|Any CPU.ActiveCfg = Release|Any CPU
		{6A9305FB-D94F-4465-83F8-6B8D3D3BF355}.Release|Any CPU.Build.0 = Release|Any CPU
	EndGlobalSection
	GlobalSection(SolutionProperties) = preSolution
		HideSolutionNode = FALSE
	EndGlobalSection
	GlobalSection(ExtensibilityGlobals) = postSolution
		SolutionGuid = {A5947A97-C409-41EB-BB3F-82DF61D2AED2}
	EndGlobalSection
EndGlobal
